
Microsoft Visual Studio Solution File, Format Version 12.00
# Visual Studio 14
VisualStudioVersion = 14.0.23107.0
MinimumVisualStudioVersion = 10.0.40219.1
Project("{FAE04EC0-301F-11D3-BF4B-00C04F79EFBC}") = "sample1", "sample1\sample1.csproj", "{D55FFF4C-792E-436A-8F3F-67D1AEAFA0D3}"
EndProject
Project("{FAE04EC0-301F-11D3-BF4B-00C04F79EFBC}") = "DataAccess", "DataAccess\DataAccess.csproj", "{E1889F59-F526-456E-ABB3-63BD7EDF3876}"
EndProject
Project("{FAE04EC0-301F-11D3-BF4B-00C04F79EFBC}") = "CustomerDataEntryWeb", "CustomerDataEntryWeb\CustomerDataEntryWeb.csproj", "{FD1999C2-FDFB-4C78-982F-1AC42E1A0F80}"
EndProject
Global
	GlobalSection(SolutionConfigurationPlatforms) = preSolution
		Debug|Any CPU = Debug|Any CPU
		Release|Any CPU = Release|Any CPU
	EndGlobalSection
	GlobalSection(ProjectConfigurationPlatforms) = postSolution
		{D55FFF4C-792E-436A-8F3F-67D1AEAFA0D3}.Debug|Any CPU.ActiveCfg = Debug|Any CPU
		{D55FFF4C-792E-436A-8F3F-67D1AEAFA0D3}.Debug|Any CPU.Build.0 = Debug|Any CPU
		{D55FFF4C-792E-436A-8F3F-67D1AEAFA0D3}.Release|Any CPU.ActiveCfg = Release|Any CPU
		{D55FFF4C-792E-436A-8F3F-67D1AEAFA0D3}.Release|Any CPU.Build.0 = Release|Any CPU
		{E1889F59-F526-456E-ABB3-63BD7EDF3876}.Debug|Any CPU.ActiveCfg = Debug|Any CPU
		{E1889F59-F526-456E-ABB3-63BD7EDF3876}.Debug|Any CPU.Build.0 = Debug|Any CPU
		{E1889F59-F526-456E-ABB3-63BD7EDF3876}.Release|Any CPU.ActiveCfg = Release|Any CPU
		{E1889F59-F526-456E-ABB3-63BD7EDF3876}.Release|Any CPU.Build.0 = Release|Any CPU
		{FD1999C2-FDFB-4C78-982F-1AC42E1A0F80}.Debug|Any CPU.ActiveCfg = Debug|Any CPU
		{FD1999C2-FDFB-4C78-982F-1AC42E1A0F80}.Debug|Any CPU.Build.0 = Debug|Any CPU
		{FD1999C2-FDFB-4C78-982F-1AC42E1A0F80}.Release|Any CPU.ActiveCfg = Release|Any CPU
		{FD1999C2-FDFB-4C78-982F-1AC42E1A0F80}.Release|Any CPU.Build.0 = Release|Any CPU
	EndGlobalSection
	GlobalSection(SolutionProperties) = preSolution
		HideSolutionNode = FALSE
	EndGlobalSection
EndGlobal
